
Microsoft Visual Studio Solution File, Format Version 12.00
# Visual Studio 15
VisualStudioVersion = 15.0.26124.0
MinimumVisualStudioVersion = 15.0.26124.0
Project("{2150E333-8FDC-42A3-9474-1A3956D46DE8}") = "src", "src", "{1F964555-CBBE-48D4-A01A-2EC9597D9872}"
EndProject
Project("{FAE04EC0-301F-11D3-BF4B-00C04F79EFBC}") = "SimpleAPI", "src\SimpleAPI\SimpleAPI.csproj", "{DBCE3CBC-60D9-4B89-BB70-A1FBA726898F}"
EndProject
Project("{2150E333-8FDC-42A3-9474-1A3956D46DE8}") = "test", "test", "{008A8954-E498-456E-B918-5B39CBE835B4}"
EndProject
Project("{FAE04EC0-301F-11D3-BF4B-00C04F79EFBC}") = "SimpleAPI.Test", "test\SimpleAPI.Test\SimpleAPI.Test.csproj", "{7545BC44-7727-447C-84AA-E68AA4BD7920}"
EndProject
Global
	GlobalSection(SolutionConfigurationPlatforms) = preSolution
		Debug|Any CPU = Debug|Any CPU
		Debug|x64 = Debug|x64
		Debug|x86 = Debug|x86
		Release|Any CPU = Release|Any CPU
		Release|x64 = Release|x64
		Release|x86 = Release|x86
	EndGlobalSection
	GlobalSection(SolutionProperties) = preSolution
		HideSolutionNode = FALSE
	EndGlobalSection
	GlobalSection(ProjectConfigurationPlatforms) = postSolution
		{DBCE3CBC-60D9-4B89-BB70-A1FBA726898F}.Debug|Any CPU.ActiveCfg = Debug|Any CPU
		{DBCE3CBC-60D9-4B89-BB70-A1FBA726898F}.Debug|Any CPU.Build.0 = Debug|Any CPU
		{DBCE3CBC-60D9-4B89-BB70-A1FBA726898F}.Debug|x64.ActiveCfg = Debug|Any CPU
		{DBCE3CBC-60D9-4B89-BB70-A1FBA726898F}.Debug|x64.Build.0 = Debug|Any CPU
		{DBCE3CBC-60D9-4B89-BB70-A1FBA726898F}.Debug|x86.ActiveCfg = Debug|Any CPU
		{DBCE3CBC-60D9-4B89-BB70-A1FBA726898F}.Debug|x86.Build.0 = Debug|Any CPU
		{DBCE3CBC-60D9-4B89-BB70-A1FBA726898F}.Release|Any CPU.ActiveCfg = Release|Any CPU
		{DBCE3CBC-60D9-4B89-BB70-A1FBA726898F}.Release|Any CPU.Build.0 = Release|Any CPU
		{DBCE3CBC-60D9-4B89-BB70-A1FBA726898F}.Release|x64.ActiveCfg = Release|Any CPU
		{DBCE3CBC-60D9-4B89-BB70-A1FBA726898F}.Release|x64.Build.0 = Release|Any CPU
		{DBCE3CBC-60D9-4B89-BB70-A1FBA726898F}.Release|x86.ActiveCfg = Release|Any CPU
		{DBCE3CBC-60D9-4B89-BB70-A1FBA726898F}.Release|x86.Build.0 = Release|Any CPU
		{7545BC44-7727-447C-84AA-E68AA4BD7920}.Debug|Any CPU.ActiveCfg = Debug|Any CPU
		{7545BC44-7727-447C-84AA-E68AA4BD7920}.Debug|Any CPU.Build.0 = Debug|Any CPU
		{7545BC44-7727-447C-84AA-E68AA4BD7920}.Debug|x64.ActiveCfg = Debug|Any CPU
		{7545BC44-7727-447C-84AA-E68AA4BD7920}.Debug|x64.Build.0 = Debug|Any CPU
		{7545BC44-7727-447C-84AA-E68AA4BD7920}.Debug|x86.ActiveCfg = Debug|Any CPU
		{7545BC44-7727-447C-84AA-E68AA4BD7920}.Debug|x86.Build.0 = Debug|Any CPU
		{7545BC44-7727-447C-84AA-E68AA4BD7920}.Release|Any CPU.ActiveCfg = Release|Any CPU
		{7545BC44-7727-447C-84AA-E68AA4BD7920}.Release|Any CPU.Build.0 = Release|Any CPU
		{7545BC44-7727-447C-84AA-E68AA4BD7920}.Release|x64.ActiveCfg = Release|Any CPU
		{7545BC44-7727-447C-84AA-E68AA4BD7920}.Release|x64.Build.0 = Release|Any CPU
		{7545BC44-7727-447C-84AA-E68AA4BD7920}.Release|x86.ActiveCfg = Release|Any CPU
		{7545BC44-7727-447C-84AA-E68AA4BD7920}.Release|x86.Build.0 = Release|Any CPU
	EndGlobalSection
	GlobalSection(NestedProjects) = preSolution
		{DBCE3CBC-60D9-4B89-BB70-A1FBA726898F} = {1F964555-CBBE-48D4-A01A-2EC9597D9872}
		{7545BC44-7727-447C-84AA-E68AA4BD7920} = {008A8954-E498-456E-B918-5B39CBE835B4}
	EndGlobalSection
EndGlobal
